
Microsoft Visual Studio Solution File, Format Version 12.00
# Visual Studio Version 16
VisualStudioVersion = 16.0.30225.117
MinimumVisualStudioVersion = 15.0.26124.0
Project("{9A19103F-16F7-4668-BE54-9A1E7A4F7556}") = "DotNetWindowsRegistry", "DotNetWindowsRegistry\DotNetWindowsRegistry.csproj", "{D82E0660-05E9-48A2-9E10-F95710084B72}"
EndProject
Project("{9A19103F-16F7-4668-BE54-9A1E7A4F7556}") = "DotNetWindowsRegistry.Tests", "DotNetWindowsRegistry.Tests\DotNetWindowsRegistry.Tests.csproj", "{FB9E74E4-480D-4163-AD70-16E4171ABA85}"
EndProject
Global
	GlobalSection(SolutionConfigurationPlatforms) = preSolution
		Debug|Any CPU = Debug|Any CPU
		Debug|x64 = Debug|x64
		Debug|x86 = Debug|x86
		Release|Any CPU = Release|Any CPU
		Release|x64 = Release|x64
		Release|x86 = Release|x86
	EndGlobalSection
	GlobalSection(ProjectConfigurationPlatforms) = postSolution
		{D82E0660-05E9-48A2-9E10-F95710084B72}.Debug|Any CPU.ActiveCfg = Debug|Any CPU
		{D82E0660-05E9-48A2-9E10-F95710084B72}.Debug|Any CPU.Build.0 = Debug|Any CPU
		{D82E0660-05E9-48A2-9E10-F95710084B72}.Debug|x64.ActiveCfg = Debug|Any CPU
		{D82E0660-05E9-48A2-9E10-F95710084B72}.Debug|x64.Build.0 = Debug|Any CPU
		{D82E0660-05E9-48A2-9E10-F95710084B72}.Debug|x86.ActiveCfg = Debug|Any CPU
		{D82E0660-05E9-48A2-9E10-F95710084B72}.Debug|x86.Build.0 = Debug|Any CPU
		{D82E0660-05E9-48A2-9E10-F95710084B72}.Release|Any CPU.ActiveCfg = Release|Any CPU
		{D82E0660-05E9-48A2-9E10-F95710084B72}.Release|Any CPU.Build.0 = Release|Any CPU
		{D82E0660-05E9-48A2-9E10-F95710084B72}.Release|x64.ActiveCfg = Release|Any CPU
		{D82E0660-05E9-48A2-9E10-F95710084B72}.Release|x64.Build.0 = Release|Any CPU
		{D82E0660-05E9-48A2-9E10-F95710084B72}.Release|x86.ActiveCfg = Release|Any CPU
		{D82E0660-05E9-48A2-9E10-F95710084B72}.Release|x86.Build.0 = Release|Any CPU
		{FB9E74E4-480D-4163-AD70-16E4171ABA85}.Debug|Any CPU.ActiveCfg = Debug|Any CPU
		{FB9E74E4-480D-4163-AD70-16E4171ABA85}.Debug|Any CPU.Build.0 = Debug|Any CPU
		{FB9E74E4-480D-4163-AD70-16E4171ABA85}.Debug|x64.ActiveCfg = Debug|Any CPU
		{FB9E74E4-480D-4163-AD70-16E4171ABA85}.Debug|x64.Build.0 = Debug|Any CPU
		{FB9E74E4-480D-4163-AD70-16E4171ABA85}.Debug|x86.ActiveCfg = Debug|Any CPU
		{FB9E74E4-480D-4163-AD70-16E4171ABA85}.Debug|x86.Build.0 = Debug|Any CPU
		{FB9E74E4-480D-4163-AD70-16E4171ABA85}.Release|Any CPU.ActiveCfg = Release|Any CPU
		{FB9E74E4-480D-4163-AD70-16E4171ABA85}.Release|Any CPU.Build.0 = Release|Any CPU
		{FB9E74E4-480D-4163-AD70-16E4171ABA85}.Release|x64.ActiveCfg = Release|Any CPU
		{FB9E74E4-480D-4163-AD70-16E4171ABA85}.Release|x64.Build.0 = Release|Any CPU
		{FB9E74E4-480D-4163-AD70-16E4171ABA85}.Release|x86.ActiveCfg = Release|Any CPU
		{FB9E74E4-480D-4163-AD70-16E4171ABA85}.Release|x86.Build.0 = Release|Any CPU
	EndGlobalSection
	GlobalSection(SolutionProperties) = preSolution
		HideSolutionNode = FALSE
	EndGlobalSection
	GlobalSection(ExtensibilityGlobals) = postSolution
		SolutionGuid = {BCAAC3C2-D15B-4648-A1EE-177CA2D97013}
	EndGlobalSection
EndGlobal
